PODS:
  - AGGeometryKit (1.2.7):
    - AGGeometryKit/CALayerProperties (= 1.2.7)
    - AGGeometryKit/UIViewProperties (= 1.2.7)
  - AGGeometryKit/CALayerProperties (1.2.7)
  - AGGeometryKit/UIViewProperties (1.2.7)

DEPENDENCIES:
  - AGGeometryKit (from `../AGGeometryKit.podspec`)

EXTERNAL SOURCES:
  AGGeometryKit:
    :path: "../AGGeometryKit.podspec"

SPEC CHECKSUMS:
  AGGeometryKit: 79f026b36b99434c4872217e79d7bccb35c11e7e

PODFILE CHECKSUM: 874d119eba7215abe33215abc140c1d34b94fc4b

COCOAPODS: 1.5.2
