PODS:
  - JPNavigationController (2.1.3)
  - Masonry (1.1.0)

DEPENDENCIES:
  - JPNavigationController (~> 2.1.3)
  - Masonry

SPEC REPOS:
  https://github.com/cocoapods/specs.git:
    - JPNavigationController
    - Masonry

SPEC CHECKSUMS:
  JPNavigationController: f174edc3572edd9cd60cc65b51a14b6d75e47e9a
  Masonry: 678fab65091a9290e40e2832a55e7ab731aad201

PODFILE CHECKSUM: 3807aca9d9db183950d475e6b1305c5826a354c5

COCOAPODS: 1.5.2
